github.com/mxmaslin/skillfactory/go/2_algorithms/sorting_algorithms/helpers v0.0.0-20210505115806-9dddbeea0539 h1:coxM2MlgECQSxZ9dNeOQMyBv8DBqjqnNbW5UIMPUh2U=
github.com/mxmaslin/skillfactory/go/2_algorithms/sorting_algorithms/helpers v0.0.0-20210505115806-9dddbeea0539/go.mod h1:prDPTls8cT7rAkPi3O/U8OhbYbpBcLdOmAiT/cgdwz4=
