github.com/mxmaslin/skillfactory/go/2_algorithms/sorting_algorithms/helpers v0.0.0-20210505122813-76b27262375d h1:ch0aH8mI5wSbm0qt8v8kKioK1Hpl+SZXtRgEtvXrABQ=
github.com/mxmaslin/skillfactory/go/2_algorithms/sorting_algorithms/helpers v0.0.0-20210505122813-76b27262375d/go.mod h1:prDPTls8cT7rAkPi3O/U8OhbYbpBcLdOmAiT/cgdwz4=
